
Microsoft Visual Studio Solution File, Format Version 12.00
# Visual Studio Version 16
VisualStudioVersion = 16.0.28803.202
MinimumVisualStudioVersion = 10.0.40219.1
Project("{9A19103F-16F7-4668-BE54-9A1E7A4F7556}") = "Bolt.CircuitBreaker.Abstracts", "Bolt.CircuitBreaker.Abstracts\Bolt.CircuitBreaker.Abstracts.csproj", "{52B67A7E-AE65-4446-A00B-5EDB6713C6B5}"
EndProject
Project("{9A19103F-16F7-4668-BE54-9A1E7A4F7556}") = "Bolt.CircuitBreaker.PollyImpl", "Bolt.CircuitBreaker.PollyImpl\Bolt.CircuitBreaker.PollyImpl.csproj", "{38001083-7AD7-4658-AF70-A682A7C56E52}"
EndProject
Project("{2150E333-8FDC-42A3-9474-1A3956D46DE8}") = "Tests", "Tests", "{C7E5143F-FDCE-41A4-BAB6-B7C7B6892005}"
EndProject
Project("{9A19103F-16F7-4668-BE54-9A1E7A4F7556}") = "TestConsole", "TestConsole\TestConsole.csproj", "{A1DD8ECD-B8F0-457D-8160-0BB3B1CEF15D}"
EndProject
Project("{FAE04EC0-301F-11D3-BF4B-00C04F79EFBC}") = "Bolt.CircuitBreaker.Listeners.Redis", "Bolt.CircuitBreaker.Listeners.Redis\Bolt.CircuitBreaker.Listeners.Redis.csproj", "{34AA1289-14D1-44E5-86BD-3DDD1443D4DC}"
EndProject
Global
	GlobalSection(SolutionConfigurationPlatforms) = preSolution
		Debug|Any CPU = Debug|Any CPU
		Release|Any CPU = Release|Any CPU
	EndGlobalSection
	GlobalSection(ProjectConfigurationPlatforms) = postSolution
		{52B67A7E-AE65-4446-A00B-5EDB6713C6B5}.Debug|Any CPU.ActiveCfg = Debug|Any CPU
		{52B67A7E-AE65-4446-A00B-5EDB6713C6B5}.Debug|Any CPU.Build.0 = Debug|Any CPU
		{52B67A7E-AE65-4446-A00B-5EDB6713C6B5}.Release|Any CPU.ActiveCfg = Release|Any CPU
		{52B67A7E-AE65-4446-A00B-5EDB6713C6B5}.Release|Any CPU.Build.0 = Release|Any CPU
		{38001083-7AD7-4658-AF70-A682A7C56E52}.Debug|Any CPU.ActiveCfg = Debug|Any CPU
		{38001083-7AD7-4658-AF70-A682A7C56E52}.Debug|Any CPU.Build.0 = Debug|Any CPU
		{38001083-7AD7-4658-AF70-A682A7C56E52}.Release|Any CPU.ActiveCfg = Release|Any CPU
		{38001083-7AD7-4658-AF70-A682A7C56E52}.Release|Any CPU.Build.0 = Release|Any CPU
		{A1DD8ECD-B8F0-457D-8160-0BB3B1CEF15D}.Debug|Any CPU.ActiveCfg = Debug|Any CPU
		{A1DD8ECD-B8F0-457D-8160-0BB3B1CEF15D}.Debug|Any CPU.Build.0 = Debug|Any CPU
		{A1DD8ECD-B8F0-457D-8160-0BB3B1CEF15D}.Release|Any CPU.ActiveCfg = Release|Any CPU
		{A1DD8ECD-B8F0-457D-8160-0BB3B1CEF15D}.Release|Any CPU.Build.0 = Release|Any CPU
		{34AA1289-14D1-44E5-86BD-3DDD1443D4DC}.Debug|Any CPU.ActiveCfg = Debug|Any CPU
		{34AA1289-14D1-44E5-86BD-3DDD1443D4DC}.Debug|Any CPU.Build.0 = Debug|Any CPU
		{34AA1289-14D1-44E5-86BD-3DDD1443D4DC}.Release|Any CPU.ActiveCfg = Release|Any CPU
		{34AA1289-14D1-44E5-86BD-3DDD1443D4DC}.Release|Any CPU.Build.0 = Release|Any CPU
	EndGlobalSection
	GlobalSection(SolutionProperties) = preSolution
		HideSolutionNode = FALSE
	EndGlobalSection
	GlobalSection(NestedProjects) = preSolution
		{A1DD8ECD-B8F0-457D-8160-0BB3B1CEF15D} = {C7E5143F-FDCE-41A4-BAB6-B7C7B6892005}
	EndGlobalSection
	GlobalSection(ExtensibilityGlobals) = postSolution
		SolutionGuid = {53656ED8-A83B-4AB2-98EF-7EFEB32FBB80}
	EndGlobalSection
EndGlobal
